{
  "name": "@writetome51/array-get-filtered-results",
  "version": "1.0.2",
  "lockfileVersion": 1,
  "requires": true,
  "dependencies": {
    "@writetome51/arrays-match": {
      "version": "1.0.2",
      "resolved": "https://registry.npmjs.org/@writetome51/arrays-match/-/arrays-match-1.0.2.tgz",
      "integrity": "sha512-A1+zLc2VbOcN9A29BFsyubt/w9OTbuA6ZOQJjPn381b/CEXWnglq2399Vt/310T/yRocQByycl8/JlrFbCN/Lg==",
      "dev": true,
      "requires": {
        "basic-data-handling": "^1.0.12",
        "error-if-values-are-not-arrays": "^1.0.0"
      }
    },
    "basic-data-handling": {
      "version": "1.0.12",
      "resolved": "https://registry.npmjs.org/basic-data-handling/-/basic-data-handling-1.0.12.tgz",
      "integrity": "sha512-zeWSs51vDmRqvDkIewERsygFb5NDT24QbZZvZ7fz/Wusxy1yHvPDOhE46lJiBE+l+1CEQv96ZUES4IFvbRGMvA=="
    },
    "error-if-values-are-not-arrays": {
      "version": "1.0.0",
      "resolved": "https://registry.npmjs.org/error-if-values-are-not-arrays/-/error-if-values-are-not-arrays-1.0.0.tgz",
      "integrity": "sha512-Q1KHFzQWIZXb62qb259NRjcfE1UKa7CZVKGU8zgUoejYW++wpz/vIa5GvscNzigbO2jMgDXRlHxPC59aU7pP0w==",
      "dev": true,
      "requires": {
        "basic-data-handling": "^1.0.12"
      }
    }
  }
}
